// !$*UTF8*$!
{
	archiveVersion = 1;
	classes = {
	};
	objectVersion = 50;
	objects = {

/* Begin PBXBuildFile section */
		5530266321C7676E00EC1E23 /* AppDelegate.m in Sources */ = {isa = PBXBuildFile; fileRef = 5530266221C7676E00EC1E23 /* AppDelegate.m */; };
		5530266621C7676E00EC1E23 /* EMMainViewController.m in Sources */ = {isa = PBXBuildFile; fileRef = 5530266521C7676E00EC1E23 /* EMMainViewController.m */; };
		5530266921C7676E00EC1E23 /* Main.storyboard in Resources */ = {isa = PBXBuildFile; fileRef = 5530266721C7676E00EC1E23 /* Main.storyboard */; };
		5530266B21C7676E00EC1E23 /* Assets.xcassets in Resources */ = {isa = PBXBuildFile; fileRef = 5530266A21C7676E00EC1E23 /* Assets.xcassets */; };
		5530266E21C7676E00EC1E23 /* LaunchScreen.storyboard in Resources */ = {isa = PBXBuildFile; fileRef = 5530266C21C7676E00EC1E23 /* LaunchScreen.storyboard */; };
		5530267121C7676E00EC1E23 /* main.m in Sources */ = {isa = PBXBuildFile; fileRef = 5530267021C7676E00EC1E23 /* main.m */; };
		5530267B21C7676F00EC1E23 /* EMAccountChatTests.m in Sources */ = {isa = PBXBuildFile; fileRef = 5530267A21C7676F00EC1E23 /* EMAccountChatTests.m */; };
		5530276D21C7DF5E00EC1E23 /* EMBaseViewController.m in Sources */ = {isa = PBXBuildFile; fileRef = 5530276C21C7DF5E00EC1E23 /* EMBaseViewController.m */; };
		5530277021C7DF8C00EC1E23 /* EMCompanyViewController.m in Sources */ = {isa = PBXBuildFile; fileRef = 5530276F21C7DF8C00EC1E23 /* EMCompanyViewController.m */; };
		5530277321C7E0F900EC1E23 /* EMCompanyInfo.m in Sources */ = {isa = PBXBuildFile; fileRef = 5530277221C7E0F900EC1E23 /* EMCompanyInfo.m */; };
		5530277721C7E65500EC1E23 /* EMCompanyEditViewController.m in Sources */ = {isa = PBXBuildFile; fileRef = 5530277621C7E65500EC1E23 /* EMCompanyEditViewController.m */; };
		5530277B21C7EDE100EC1E23 /* EMTextEditViewController.m in Sources */ = {isa = PBXBuildFile; fileRef = 5530277A21C7EDE100EC1E23 /* EMTextEditViewController.m */; };
		598800245940FB2957C6F76A /* libPods-EMAccountChatTests.a in Frameworks */ = {isa = PBXBuildFile; fileRef = BC70F765C0604658BCD12349 /* libPods-EMAccountChatTests.a */; };
		5FD9DEB8DEC1319625471E71 /* libPods-EMAccountChat.a in Frameworks */ = {isa = PBXBuildFile; fileRef = 1BA0FD1929C891FB1599A23A /* libPods-EMAccountChat.a */; };
/* End PBXBuildFile section */

/* Begin PBXContainerItemProxy section */
		5530267721C7676F00EC1E23 /* PBXContainerItemProxy */ = {
			isa = PBXContainerItemProxy;
			containerPortal = 5530265621C7676E00EC1E23 /* Project object */;
			proxyType = 1;
			remoteGlobalIDString = 5530265D21C7676E00EC1E23;
			remoteInfo = EMAccountChat;
		};
/* End PBXContainerItemProxy section */

/* Begin PBXFileReference section */
		16DED8FE2584F50F45E27181 /* Pods-EMAccountChat.debug.xcconfig */ = {isa = PBXFileReference; includeInIndex = 1; lastKnownFileType = text.xcconfig; name = "Pods-EMAccountChat.debug.xcconfig"; path = "Pods/Target Support Files/Pods-EMAccountChat/Pods-EMAccountChat.debug.xcconfig"; sourceTree = "<group>"; };
		187D2209EBD975F2ED1A534C /* Pods-EMAccountChatTests.debug.xcconfig */ = {isa = PBXFileReference; includeInIndex = 1; lastKnownFileType = text.xcconfig; name = "Pods-EMAccountChatTests.debug.xcconfig"; path = "Pods/Target Support Files/Pods-EMAccountChatTests/Pods-EMAccountChatTests.debug.xcconfig"; sourceTree = "<group>"; };
		1BA0FD1929C891FB1599A23A /* libPods-EMAccountChat.a */ = {isa = PBXFileReference; explicitFileType = archive.ar; includeInIndex = 0; path = "libPods-EMAccountChat.a"; sourceTree = BUILT_PRODUCTS_DIR; };
		5530265E21C7676E00EC1E23 /* EMAccountChat.app */ = {isa = PBXFileReference; explicitFileType = wrapper.application; includeInIndex = 0; path = EMAccountChat.app; sourceTree = BUILT_PRODUCTS_DIR; };
		5530266121C7676E00EC1E23 /* AppDelegate.h */ = {isa = PBXFileReference; lastKnownFileType = sourcecode.c.h; path = AppDelegate.h; sourceTree = "<group>"; };
		5530266221C7676E00EC1E23 /* AppDelegate.m */ = {isa = PBXFileReference; lastKnownFileType = sourcecode.c.objc; path = AppDelegate.m; sourceTree = "<group>"; };
		5530266421C7676E00EC1E23 /* EMMainViewController.h */ = {isa = PBXFileReference; lastKnownFileType = sourcecode.c.h; path = EMMainViewController.h; sourceTree = "<group>"; };
		5530266521C7676E00EC1E23 /* EMMainViewController.m */ = {isa = PBXFileReference; lastKnownFileType = sourcecode.c.objc; path = EMMainViewController.m; sourceTree = "<group>"; };
		5530266821C7676E00EC1E23 /* Base */ = {isa = PBXFileReference; lastKnownFileType = file.storyboard; name = Base; path = Base.lproj/Main.storyboard; sourceTree = "<group>"; };
		5530266A21C7676E00EC1E23 /* Assets.xcassets */ = {isa = PBXFileReference; lastKnownFileType = folder.assetcatalog; path = Assets.xcassets; sourceTree = "<group>"; };
		5530266D21C7676E00EC1E23 /* Base */ = {isa = PBXFileReference; lastKnownFileType = file.storyboard; name = Base; path = Base.lproj/LaunchScreen.storyboard; sourceTree = "<group>"; };
		5530266F21C7676E00EC1E23 /* Info.plist */ = {isa = PBXFileReference; lastKnownFileType = text.plist.xml; path = Info.plist; sourceTree = "<group>"; };
		5530267021C7676E00EC1E23 /* main.m */ = {isa = PBXFileReference; lastKnownFileType = sourcecode.c.objc; path = main.m; sourceTree = "<group>"; };
		5530267621C7676F00EC1E23 /* EMAccountChatTests.xctest */ = {isa = PBXFileReference; explicitFileType = wrapper.cfbundle; includeInIndex = 0; path = EMAccountChatTests.xctest; sourceTree = BUILT_PRODUCTS_DIR; };
		5530267A21C7676F00EC1E23 /* EMAccountChatTests.m */ = {isa = PBXFileReference; lastKnownFileType = sourcecode.c.objc; path = EMAccountChatTests.m; sourceTree = "<group>"; };
		5530267C21C7676F00EC1E23 /* Info.plist */ = {isa = PBXFileReference; lastKnownFileType = text.plist.xml; path = Info.plist; sourceTree = "<group>"; };
		5530276B21C7DF5E00EC1E23 /* EMBaseViewController.h */ = {isa = PBXFileReference; lastKnownFileType = sourcecode.c.h; path = EMBaseViewController.h; sourceTree = "<group>"; };
		5530276C21C7DF5E00EC1E23 /* EMBaseViewController.m */ = {isa = PBXFileReference; lastKnownFileType = sourcecode.c.objc; path = EMBaseViewController.m; sourceTree = "<group>"; };
		5530276E21C7DF8C00EC1E23 /* EMCompanyViewController.h */ = {isa = PBXFileReference; lastKnownFileType = sourcecode.c.h; path = EMCompanyViewController.h; sourceTree = "<group>"; };
		5530276F21C7DF8C00EC1E23 /* EMCompanyViewController.m */ = {isa = PBXFileReference; lastKnownFileType = sourcecode.c.objc; path = EMCompanyViewController.m; sourceTree = "<group>"; };
		5530277121C7E0F900EC1E23 /* EMCompanyInfo.h */ = {isa = PBXFileReference; lastKnownFileType = sourcecode.c.h; path = EMCompanyInfo.h; sourceTree = "<group>"; };
		5530277221C7E0F900EC1E23 /* EMCompanyInfo.m */ = {isa = PBXFileReference; lastKnownFileType = sourcecode.c.objc; path = EMCompanyInfo.m; sourceTree = "<group>"; };
		5530277521C7E65500EC1E23 /* EMCompanyEditViewController.h */ = {isa = PBXFileReference; lastKnownFileType = sourcecode.c.h; path = EMCompanyEditViewController.h; sourceTree = "<group>"; };
		5530277621C7E65500EC1E23 /* EMCompanyEditViewController.m */ = {isa = PBXFileReference; lastKnownFileType = sourcecode.c.objc; path = EMCompanyEditViewController.m; sourceTree = "<group>"; };
		5530277921C7EDE100EC1E23 /* EMTextEditViewController.h */ = {isa = PBXFileReference; lastKnownFileType = sourcecode.c.h; path = EMTextEditViewController.h; sourceTree = "<group>"; };
		5530277A21C7EDE100EC1E23 /* EMTextEditViewController.m */ = {isa = PBXFileReference; lastKnownFileType = sourcecode.c.objc; path = EMTextEditViewController.m; sourceTree = "<group>"; };
		BC70F765C0604658BCD12349 /* libPods-EMAccountChatTests.a */ = {isa = PBXFileReference; explicitFileType = archive.ar; includeInIndex = 0; path = "libPods-EMAccountChatTests.a"; sourceTree = BUILT_PRODUCTS_DIR; };
		C19270784DC7182E900AC2EB /* Pods-EMAccountChat.release.xcconfig */ = {isa = PBXFileReference; includeInIndex = 1; lastKnownFileType = text.xcconfig; name = "Pods-EMAccountChat.release.xcconfig"; path = "Pods/Target Support Files/Pods-EMAccountChat/Pods-EMAccountChat.release.xcconfig"; sourceTree = "<group>"; };
		E0461FBFFD706AB007C3AF51 /* Pods-EMAccountChatTests.release.xcconfig */ = {isa = PBXFileReference; includeInIndex = 1; lastKnownFileType = text.xcconfig; name = "Pods-EMAccountChatTests.release.xcconfig"; path = "Pods/Target Support Files/Pods-EMAccountChatTests/Pods-EMAccountChatTests.release.xcconfig"; sourceTree = "<group>"; };
/* End PBXFileReference section */

/* Begin PBXFrameworksBuildPhase section */
		5530265B21C7676E00EC1E23 /* Frameworks */ = {
			isa = PBXFrameworksBuildPhase;
			buildActionMask = 2147483647;
			files = (
				5FD9DEB8DEC1319625471E71 /* libPods-EMAccountChat.a in Frameworks */,
			);
			runOnlyForDeploymentPostprocessing = 0;
		};
		5530267321C7676F00EC1E23 /* Frameworks */ = {
			isa = PBXFrameworksBuildPhase;
			buildActionMask = 2147483647;
			files = (
				598800245940FB2957C6F76A /* libPods-EMAccountChatTests.a in Frameworks */,
			);
			runOnlyForDeploymentPostprocessing = 0;
		};
/* End PBXFrameworksBuildPhase section */

/* Begin PBXGroup section */
		35D2DBE6D32949233266A728 /* Frameworks */ = {
			isa = PBXGroup;
			children = (
				1BA0FD1929C891FB1599A23A /* libPods-EMAccountChat.a */,
				BC70F765C0604658BCD12349 /* libPods-EMAccountChatTests.a */,
			);
			name = Frameworks;
			sourceTree = "<group>";
		};
		5530265521C7676E00EC1E23 = {
			isa = PBXGroup;
			children = (
				5530266021C7676E00EC1E23 /* EMAccountChat */,
				5530267921C7676F00EC1E23 /* EMAccountChatTests */,
				5530265F21C7676E00EC1E23 /* Products */,
				57C0C8EFB4ADD8AB48143328 /* Pods */,
				35D2DBE6D32949233266A728 /* Frameworks */,
			);
			sourceTree = "<group>";
		};
		5530265F21C7676E00EC1E23 /* Products */ = {
			isa = PBXGroup;
			children = (
				5530265E21C7676E00EC1E23 /* EMAccountChat.app */,
				5530267621C7676F00EC1E23 /* EMAccountChatTests.xctest */,
			);
			name = Products;
			sourceTree = "<group>";
		};
		5530266021C7676E00EC1E23 /* EMAccountChat */ = {
			isa = PBXGroup;
			children = (
				5530276A21C7DF4800EC1E23 /* Component */,
				5530277821C7ED4200EC1E23 /* Common */,
				5530276921C7DEF900EC1E23 /* Bill */,
				5530276821C7DEF200EC1E23 /* Company */,
				5530266121C7676E00EC1E23 /* AppDelegate.h */,
				5530266221C7676E00EC1E23 /* AppDelegate.m */,
				5530266421C7676E00EC1E23 /* EMMainViewController.h */,
				5530266521C7676E00EC1E23 /* EMMainViewController.m */,
				5530266721C7676E00EC1E23 /* Main.storyboard */,
				5530266A21C7676E00EC1E23 /* Assets.xcassets */,
				5530266C21C7676E00EC1E23 /* LaunchScreen.storyboard */,
				5530266F21C7676E00EC1E23 /* Info.plist */,
				5530267021C7676E00EC1E23 /* main.m */,
			);
			path = EMAccountChat;
			sourceTree = "<group>";
		};
		5530267921C7676F00EC1E23 /* EMAccountChatTests */ = {
			isa = PBXGroup;
			children = (
				5530267A21C7676F00EC1E23 /* EMAccountChatTests.m */,
				5530267C21C7676F00EC1E23 /* Info.plist */,
			);
			path = EMAccountChatTests;
			sourceTree = "<group>";
		};
		5530276821C7DEF200EC1E23 /* Company */ = {
			isa = PBXGroup;
			children = (
				5530277421C7E5BE00EC1E23 /* Edit */,
				5530276E21C7DF8C00EC1E23 /* EMCompanyViewController.h */,
				5530276F21C7DF8C00EC1E23 /* EMCompanyViewController.m */,
				5530277121C7E0F900EC1E23 /* EMCompanyInfo.h */,
				5530277221C7E0F900EC1E23 /* EMCompanyInfo.m */,
			);
			path = Company;
			sourceTree = "<group>";
		};
		5530276921C7DEF900EC1E23 /* Bill */ = {
			isa = PBXGroup;
			children = (
			);
			name = Bill;
			path = EMAccountChat/Bill;
			sourceTree = SOURCE_ROOT;
		};
		5530276A21C7DF4800EC1E23 /* Component */ = {
			isa = PBXGroup;
			children = (
				5530276B21C7DF5E00EC1E23 /* EMBaseViewController.h */,
				5530276C21C7DF5E00EC1E23 /* EMBaseViewController.m */,
			);
			path = Component;
			sourceTree = "<group>";
		};
		5530277421C7E5BE00EC1E23 /* Edit */ = {
			isa = PBXGroup;
			children = (
				5530277521C7E65500EC1E23 /* EMCompanyEditViewController.h */,
				5530277621C7E65500EC1E23 /* EMCompanyEditViewController.m */,
			);
			path = Edit;
			sourceTree = "<group>";
		};
		5530277821C7ED4200EC1E23 /* Common */ = {
			isa = PBXGroup;
			children = (
				5530277921C7EDE100EC1E23 /* EMTextEditViewController.h */,
				5530277A21C7EDE100EC1E23 /* EMTextEditViewController.m */,
			);
			path = Common;
			sourceTree = "<group>";
		};
		57C0C8EFB4ADD8AB48143328 /* Pods */ = {
			isa = PBXGroup;
			children = (
				16DED8FE2584F50F45E27181 /* Pods-EMAccountChat.debug.xcconfig */,
				C19270784DC7182E900AC2EB /* Pods-EMAccountChat.release.xcconfig */,
				187D2209EBD975F2ED1A534C /* Pods-EMAccountChatTests.debug.xcconfig */,
				E0461FBFFD706AB007C3AF51 /* Pods-EMAccountChatTests.release.xcconfig */,
			);
			name = Pods;
			sourceTree = "<group>";
		};
/* End PBXGroup section */

/* Begin PBXNativeTarget section */
		5530265D21C7676E00EC1E23 /* EMAccountChat */ = {
			isa = PBXNativeTarget;
			buildConfigurationList = 5530267F21C7676F00EC1E23 /* Build configuration list for PBXNativeTarget "EMAccountChat" */;
			buildPhases = (
				34FD39C8CFE168CC395322B6 /* [CP] Check Pods Manifest.lock */,
				5530265A21C7676E00EC1E23 /* Sources */,
				5530265B21C7676E00EC1E23 /* Frameworks */,
				5530265C21C7676E00EC1E23 /* Resources */,
			);
			buildRules = (
			);
			dependencies = (
			);
			name = EMAccountChat;
			productName = EMAccountChat;
			productReference = 5530265E21C7676E00EC1E23 /* EMAccountChat.app */;
			productType = "com.apple.product-type.application";
		};
		5530267521C7676F00EC1E23 /* EMAccountChatTests */ = {
			isa = PBXNativeTarget;
			buildConfigurationList = 5530268221C7676F00EC1E23 /* Build configuration list for PBXNativeTarget "EMAccountChatTests" */;
			buildPhases = (
				69D1CF9322375D66C8F5AF58 /* [CP] Check Pods Manifest.lock */,
				5530267221C7676F00EC1E23 /* Sources */,
				5530267321C7676F00EC1E23 /* Frameworks */,
				5530267421C7676F00EC1E23 /* Resources */,
			);
			buildRules = (
			);
			dependencies = (
				5530267821C7676F00EC1E23 /* PBXTargetDependency */,
			);
			name = EMAccountChatTests;
			productName = EMAccountChatTests;
			productReference = 5530267621C7676F00EC1E23 /* EMAccountChatTests.xctest */;
			productType = "com.apple.product-type.bundle.unit-test";
		};
/* End PBXNativeTarget section */

/* Begin PBXProject section */
		5530265621C7676E00EC1E23 /* Project object */ = {
			isa = PBXProject;
			attributes = {
				LastUpgradeCheck = 1010;
				ORGANIZATIONNAME = Tencent;
				TargetAttributes = {
					5530265D21C7676E00EC1E23 = {
						CreatedOnToolsVersion = 10.1;
					};
					5530267521C7676F00EC1E23 = {
						CreatedOnToolsVersion = 10.1;
						TestTargetID = 5530265D21C7676E00EC1E23;
					};
				};
			};
			buildConfigurationList = 5530265921C7676E00EC1E23 /* Build configuration list for PBXProject "EMAccountChat" */;
			compatibilityVersion = "Xcode 9.3";
			developmentRegion = en;
			hasScannedForEncodings = 0;
			knownRegions = (
				en,
				Base,
			);
			mainGroup = 5530265521C7676E00EC1E23;
			productRefGroup = 5530265F21C7676E00EC1E23 /* Products */;
			projectDirPath = "";
			projectRoot = "";
			targets = (
				5530265D21C7676E00EC1E23 /* EMAccountChat */,
				5530267521C7676F00EC1E23 /* EMAccountChatTests */,
			);
		};
/* End PBXProject section */

/* Begin PBXResourcesBuildPhase section */
		5530265C21C7676E00EC1E23 /* Resources */ = {
			isa = PBXResourcesBuildPhase;
			buildActionMask = 2147483647;
			files = (
				5530266E21C7676E00EC1E23 /* LaunchScreen.storyboard in Resources */,
				5530266B21C7676E00EC1E23 /* Assets.xcassets in Resources */,
				5530266921C7676E00EC1E23 /* Main.storyboard in Resources */,
			);
			runOnlyForDeploymentPostprocessing = 0;
		};
		5530267421C7676F00EC1E23 /* Resources */ = {
			isa = PBXResourcesBuildPhase;
			buildActionMask = 2147483647;
			files = (
			);
			runOnlyForDeploymentPostprocessing = 0;
		};
/* End PBXResourcesBuildPhase section */

/* Begin PBXShellScriptBuildPhase section */
		34FD39C8CFE168CC395322B6 /* [CP] Check Pods Manifest.lock */ = {
			isa = PBXShellScriptBuildPhase;
			buildActionMask = 2147483647;
			files = (
			);
			inputPaths = (
				"${PODS_PODFILE_DIR_PATH}/Podfile.lock",
				"${PODS_ROOT}/Manifest.lock",
			);
			name = "[CP] Check Pods Manifest.lock";
			outputPaths = (
				"$(DERIVED_FILE_DIR)/Pods-EMAccountChat-checkManifestLockResult.txt",
			);
			runOnlyForDeploymentPostprocessing = 0;
			shellPath = /bin/sh;
			shellScript = "diff \"${PODS_PODFILE_DIR_PATH}/Podfile.lock\" \"${PODS_ROOT}/Manifest.lock\" > /dev/null\nif [ $? != 0 ] ; then\n    # print error to STDERR\n    echo \"error: The sandbox is not in sync with the Podfile.lock. Run 'pod install' or update your CocoaPods installation.\" >&2\n    exit 1\nfi\n# This output is used by Xcode 'outputs' to avoid re-running this script phase.\necho \"SUCCESS\" > \"${SCRIPT_OUTPUT_FILE_0}\"\n";
			showEnvVarsInLog = 0;
		};
		69D1CF9322375D66C8F5AF58 /* [CP] Check Pods Manifest.lock */ = {
			isa = PBXShellScriptBuildPhase;
			buildActionMask = 2147483647;
			files = (
			);
			inputPaths = (
				"${PODS_PODFILE_DIR_PATH}/Podfile.lock",
				"${PODS_ROOT}/Manifest.lock",
			);
			name = "[CP] Check Pods Manifest.lock";
			outputPaths = (
				"$(DERIVED_FILE_DIR)/Pods-EMAccountChatTests-checkManifestLockResult.txt",
			);
			runOnlyForDeploymentPostprocessing = 0;
			shellPath = /bin/sh;
			shellScript = "diff \"${PODS_PODFILE_DIR_PATH}/Podfile.lock\" \"${PODS_ROOT}/Manifest.lock\" > /dev/null\nif [ $? != 0 ] ; then\n    # print error to STDERR\n    echo \"error: The sandbox is not in sync with the Podfile.lock. Run 'pod install' or update your CocoaPods installation.\" >&2\n    exit 1\nfi\n# This output is used by Xcode 'outputs' to avoid re-running this script phase.\necho \"SUCCESS\" > \"${SCRIPT_OUTPUT_FILE_0}\"\n";
			showEnvVarsInLog = 0;
		};
/* End PBXShellScriptBuildPhase section */

/* Begin PBXSourcesBuildPhase section */
		5530265A21C7676E00EC1E23 /* Sources */ = {
			isa = PBXSourcesBuildPhase;
			buildActionMask = 2147483647;
			files = (
				5530266621C7676E00EC1E23 /* EMMainViewController.m in Sources */,
				5530277B21C7EDE100EC1E23 /* EMTextEditViewController.m in Sources */,
				5530277021C7DF8C00EC1E23 /* EMCompanyViewController.m in Sources */,
				5530276D21C7DF5E00EC1E23 /* EMBaseViewController.m in Sources */,
				5530277321C7E0F900EC1E23 /* EMCompanyInfo.m in Sources */,
				5530277721C7E65500EC1E23 /* EMCompanyEditViewController.m in Sources */,
				5530267121C7676E00EC1E23 /* main.m in Sources */,
				5530266321C7676E00EC1E23 /* AppDelegate.m in Sources */,
			);
			runOnlyForDeploymentPostprocessing = 0;
		};
		5530267221C7676F00EC1E23 /* Sources */ = {
			isa = PBXSourcesBuildPhase;
			buildActionMask = 2147483647;
			files = (
				5530267B21C7676F00EC1E23 /* EMAccountChatTests.m in Sources */,
			);
			runOnlyForDeploymentPostprocessing = 0;
		};
/* End PBXSourcesBuildPhase section */

/* Begin PBXTargetDependency section */
		5530267821C7676F00EC1E23 /* PBXTargetDependency */ = {
			isa = PBXTargetDependency;
			target = 5530265D21C7676E00EC1E23 /* EMAccountChat */;
			targetProxy = 5530267721C7676F00EC1E23 /* PBXContainerItemProxy */;
		};
/* End PBXTargetDependency section */

/* Begin PBXVariantGroup section */
		5530266721C7676E00EC1E23 /* Main.storyboard */ = {
			isa = PBXVariantGroup;
			children = (
				5530266821C7676E00EC1E23 /* Base */,
			);
			name = Main.storyboard;
			sourceTree = "<group>";
		};
		5530266C21C7676E00EC1E23 /* LaunchScreen.storyboard */ = {
			isa = PBXVariantGroup;
			children = (
				5530266D21C7676E00EC1E23 /* Base */,
			);
			name = LaunchScreen.storyboard;
			sourceTree = "<group>";
		};
/* End PBXVariantGroup section */

/* Begin XCBuildConfiguration section */
		5530267D21C7676F00EC1E23 /* Debug */ = {
			isa = XCBuildConfiguration;
			buildSettings = {
				ALWAYS_SEARCH_USER_PATHS = NO;
				CLANG_ANALYZER_NONNULL = YES;
				CLANG_ANALYZER_NUMBER_OBJECT_CONVERSION = YES_AGGRESSIVE;
				CLANG_CXX_LANGUAGE_STANDARD = "gnu++14";
				CLANG_CXX_LIBRARY = "libc++";
				CLANG_ENABLE_MODULES = YES;
				CLANG_ENABLE_OBJC_ARC = YES;
				CLANG_ENABLE_OBJC_WEAK = YES;
				CLANG_WARN_BLOCK_CAPTURE_AUTORELEASING = YES;
				CLANG_WARN_BOOL_CONVERSION = YES;
				CLANG_WARN_COMMA = YES;
				CLANG_WARN_CONSTANT_CONVERSION = YES;
				CLANG_WARN_DEPRECATED_OBJC_IMPLEMENTATIONS = YES;
				CLANG_WARN_DIRECT_OBJC_ISA_USAGE = YES_ERROR;
				CLANG_WARN_DOCUMENTATION_COMMENTS = YES;
				CLANG_WARN_EMPTY_BODY = YES;
				CLANG_WARN_ENUM_CONVERSION = YES;
				CLANG_WARN_INFINITE_RECURSION = YES;
				CLANG_WARN_INT_CONVERSION = YES;
				CLANG_WARN_NON_LITERAL_NULL_CONVERSION = YES;
				CLANG_WARN_OBJC_IMPLICIT_RETAIN_SELF = YES;
				CLANG_WARN_OBJC_LITERAL_CONVERSION = YES;
				CLANG_WARN_OBJC_ROOT_CLASS = YES_ERROR;
				CLANG_WARN_RANGE_LOOP_ANALYSIS = YES;
				CLANG_WARN_STRICT_PROTOTYPES = YES;
				CLANG_WARN_SUSPICIOUS_MOVE = YES;
				CLANG_WARN_UNGUARDED_AVAILABILITY = YES_AGGRESSIVE;
				CLANG_WARN_UNREACHABLE_CODE = YES;
				CLANG_WARN__DUPLICATE_METHOD_MATCH = YES;
				CODE_SIGN_IDENTITY = "iPhone Developer";
				COPY_PHASE_STRIP = NO;
				DEBUG_INFORMATION_FORMAT = dwarf;
				ENABLE_STRICT_OBJC_MSGSEND = YES;
				ENABLE_TESTABILITY = YES;
				GCC_C_LANGUAGE_STANDARD = gnu11;
				GCC_DYNAMIC_NO_PIC = NO;
				GCC_NO_COMMON_BLOCKS = YES;
				GCC_OPTIMIZATION_LEVEL = 0;
				GCC_PREPROCESSOR_DEFINITIONS = (
					"DEBUG=1",
					"$(inherited)",
				);
				GCC_WARN_64_TO_32_BIT_CONVERSION = YES;
				GCC_WARN_ABOUT_RETURN_TYPE = YES_ERROR;
				GCC_WARN_UNDECLARED_SELECTOR = YES;
				GCC_WARN_UNINITIALIZED_AUTOS = YES_AGGRESSIVE;
				GCC_WARN_UNUSED_FUNCTION = YES;
				GCC_WARN_UNUSED_VARIABLE = YES;
				IPHONEOS_DEPLOYMENT_TARGET = 12.1;
				MTL_ENABLE_DEBUG_INFO = INCLUDE_SOURCE;
				MTL_FAST_MATH = YES;
				ONLY_ACTIVE_ARCH = YES;
				SDKROOT = iphoneos;
			};
			name = Debug;
		};
		5530267E21C7676F00EC1E23 /* Release */ = {
			isa = XCBuildConfiguration;
			buildSettings = {
				ALWAYS_SEARCH_USER_PATHS = NO;
				CLANG_ANALYZER_NONNULL = YES;
				CLANG_ANALYZER_NUMBER_OBJECT_CONVERSION = YES_AGGRESSIVE;
				CLANG_CXX_LANGUAGE_STANDARD = "gnu++14";
				CLANG_CXX_LIBRARY = "libc++";
				CLANG_ENABLE_MODULES = YES;
				CLANG_ENABLE_OBJC_ARC = YES;
				CLANG_ENABLE_OBJC_WEAK = YES;
				CLANG_WARN_BLOCK_CAPTURE_AUTORELEASING = YES;
				CLANG_WARN_BOOL_CONVERSION = YES;
				CLANG_WARN_COMMA = YES;
				CLANG_WARN_CONSTANT_CONVERSION = YES;
				CLANG_WARN_DEPRECATED_OBJC_IMPLEMENTATIONS = YES;
				CLANG_WARN_DIRECT_OBJC_ISA_USAGE = YES_ERROR;
				CLANG_WARN_DOCUMENTATION_COMMENTS = YES;
				CLANG_WARN_EMPTY_BODY = YES;
				CLANG_WARN_ENUM_CONVERSION = YES;
				CLANG_WARN_INFINITE_RECURSION = YES;
				CLANG_WARN_INT_CONVERSION = YES;
				CLANG_WARN_NON_LITERAL_NULL_CONVERSION = YES;
				CLANG_WARN_OBJC_IMPLICIT_RETAIN_SELF = YES;
				CLANG_WARN_OBJC_LITERAL_CONVERSION = YES;
				CLANG_WARN_OBJC_ROOT_CLASS = YES_ERROR;
				CLANG_WARN_RANGE_LOOP_ANALYSIS = YES;
				CLANG_WARN_STRICT_PROTOTYPES = YES;
				CLANG_WARN_SUSPICIOUS_MOVE = YES;
				CLANG_WARN_UNGUARDED_AVAILABILITY = YES_AGGRESSIVE;
				CLANG_WARN_UNREACHABLE_CODE = YES;
				CLANG_WARN__DUPLICATE_METHOD_MATCH = YES;
				CODE_SIGN_IDENTITY = "iPhone Developer";
				COPY_PHASE_STRIP = NO;
				DEBUG_INFORMATION_FORMAT = "dwarf-with-dsym";
				ENABLE_NS_ASSERTIONS = NO;
				ENABLE_STRICT_OBJC_MSGSEND = YES;
				GCC_C_LANGUAGE_STANDARD = gnu11;
				GCC_NO_COMMON_BLOCKS = YES;
				GCC_WARN_64_TO_32_BIT_CONVERSION = YES;
				GCC_WARN_ABOUT_RETURN_TYPE = YES_ERROR;
				GCC_WARN_UNDECLARED_SELECTOR = YES;
				GCC_WARN_UNINITIALIZED_AUTOS = YES_AGGRESSIVE;
				GCC_WARN_UNUSED_FUNCTION = YES;
				GCC_WARN_UNUSED_VARIABLE = YES;
				IPHONEOS_DEPLOYMENT_TARGET = 12.1;
				MTL_ENABLE_DEBUG_INFO = NO;
				MTL_FAST_MATH = YES;
				SDKROOT = iphoneos;
				VALIDATE_PRODUCT = YES;
			};
			name = Release;
		};
		5530268021C7676F00EC1E23 /* Debug */ = {
			isa = XCBuildConfiguration;
			baseConfigurationReference = 16DED8FE2584F50F45E27181 /* Pods-EMAccountChat.debug.xcconfig */;
			buildSettings = {
				ASSETCATALOG_COMPILER_APPICON_NAME = AppIcon;
				CODE_SIGN_STYLE = Automatic;
				DEVELOPMENT_TEAM = KR2EUMCN3U;
				INFOPLIST_FILE = EMAccountChat/Info.plist;
				IPHONEOS_DEPLOYMENT_TARGET = 10.0;
				LD_RUNPATH_SEARCH_PATHS = (
					"$(inherited)",
					"@executable_path/Frameworks",
				);
				PRODUCT_BUNDLE_IDENTIFIER = com.tencent.EMAccountChat;
				PRODUCT_NAME = "$(TARGET_NAME)";
				TARGETED_DEVICE_FAMILY = "1,2";
			};
			name = Debug;
		};
		5530268121C7676F00EC1E23 /* Release */ = {
			isa = XCBuildConfiguration;
			baseConfigurationReference = C19270784DC7182E900AC2EB /* Pods-EMAccountChat.release.xcconfig */;
			buildSettings = {
				ASSETCATALOG_COMPILER_APPICON_NAME = AppIcon;
				CODE_SIGN_STYLE = Automatic;
				DEVELOPMENT_TEAM = KR2EUMCN3U;
				INFOPLIST_FILE = EMAccountChat/Info.plist;
				IPHONEOS_DEPLOYMENT_TARGET = 10.0;
				LD_RUNPATH_SEARCH_PATHS = (
					"$(inherited)",
					"@executable_path/Frameworks",
				);
				PRODUCT_BUNDLE_IDENTIFIER = com.tencent.EMAccountChat;
				PRODUCT_NAME = "$(TARGET_NAME)";
				TARGETED_DEVICE_FAMILY = "1,2";
			};
			name = Release;
		};
		5530268321C7676F00EC1E23 /* Debug */ = {
			isa = XCBuildConfiguration;
			baseConfigurationReference = 187D2209EBD975F2ED1A534C /* Pods-EMAccountChatTests.debug.xcconfig */;
			buildSettings = {
				BUNDLE_LOADER = "$(TEST_HOST)";
				CODE_SIGN_STYLE = Automatic;
				DEVELOPMENT_TEAM = KR2EUMCN3U;
				INFOPLIST_FILE = EMAccountChatTests/Info.plist;
				LD_RUNPATH_SEARCH_PATHS = (
					"$(inherited)",
					"@executable_path/Frameworks",
					"@loader_path/Frameworks",
				);
				PRODUCT_BUNDLE_IDENTIFIER = com.tencent.EMAccountChatTests;
				PRODUCT_NAME = "$(TARGET_NAME)";
				TARGETED_DEVICE_FAMILY = "1,2";
				TEST_HOST = "$(BUILT_PRODUCTS_DIR)/EMAccountChat.app/EMAccountChat";
			};
			name = Debug;
		};
		5530268421C7676F00EC1E23 /* Release */ = {
			isa = XCBuildConfiguration;
			baseConfigurationReference = E0461FBFFD706AB007C3AF51 /* Pods-EMAccountChatTests.release.xcconfig */;
			buildSettings = {
				BUNDLE_LOADER = "$(TEST_HOST)";
				CODE_SIGN_STYLE = Automatic;
				DEVELOPMENT_TEAM = KR2EUMCN3U;
				INFOPLIST_FILE = EMAccountChatTests/Info.plist;
				LD_RUNPATH_SEARCH_PATHS = (
					"$(inherited)",
					"@executable_path/Frameworks",
					"@loader_path/Frameworks",
				);
				PRODUCT_BUNDLE_IDENTIFIER = com.tencent.EMAccountChatTests;
				PRODUCT_NAME = "$(TARGET_NAME)";
				TARGETED_DEVICE_FAMILY = "1,2";
				TEST_HOST = "$(BUILT_PRODUCTS_DIR)/EMAccountChat.app/EMAccountChat";
			};
			name = Release;
		};
/* End XCBuildConfiguration section */

/* Begin XCConfigurationList section */
		5530265921C7676E00EC1E23 /* Build configuration list for PBXProject "EMAccountChat" */ = {
			isa = XCConfigurationList;
			buildConfigurations = (
				5530267D21C7676F00EC1E23 /* Debug */,
				5530267E21C7676F00EC1E23 /* Release */,
			);
			defaultConfigurationIsVisible = 0;
			defaultConfigurationName = Release;
		};
		5530267F21C7676F00EC1E23 /* Build configuration list for PBXNativeTarget "EMAccountChat" */ = {
			isa = XCConfigurationList;
			buildConfigurations = (
				5530268021C7676F00EC1E23 /* Debug */,
				5530268121C7676F00EC1E23 /* Release */,
			);
			defaultConfigurationIsVisible = 0;
			defaultConfigurationName = Release;
		};
		5530268221C7676F00EC1E23 /* Build configuration list for PBXNativeTarget "EMAccountChatTests" */ = {
			isa = XCConfigurationList;
			buildConfigurations = (
				5530268321C7676F00EC1E23 /* Debug */,
				5530268421C7676F00EC1E23 /* Release */,
			);
			defaultConfigurationIsVisible = 0;
			defaultConfigurationName = Release;
		};
/* End XCConfigurationList section */
	};
	rootObject = 5530265621C7676E00EC1E23 /* Project object */;
}
